# This file is autogenerated, do not edit; changes may be undone by the next 'dep ensure'.


[[projects]]
  name = "github.com/RoaringBitmap/roaring"
  packages = ["."]
  revision = "be602e3d1085b6aa8e24907cfbec8d0d3034f2dd"
  version = "v0.4.5"

[[projects]]
  branch = "master"
  name = "github.com/blevesearch/bleve"
  packages = [
    ".",
    "analysis",
    "analysis/analyzer/custom",
    "analysis/analyzer/keyword",
    "analysis/analyzer/simple",
    "analysis/analyzer/standard",
    "analysis/analyzer/web",
    "analysis/char/html",
    "analysis/char/regexp",
    "analysis/char/zerowidthnonjoiner",
    "analysis/datetime/flexible",
    "analysis/datetime/optional",
    "analysis/lang/ar",
    "analysis/lang/bg",
    "analysis/lang/ca",
    "analysis/lang/cjk",
    "analysis/lang/ckb",
    "analysis/lang/cs",
    "analysis/lang/da",
    "analysis/lang/de",
    "analysis/lang/el",
    "analysis/lang/en",
    "analysis/lang/es",
    "analysis/lang/eu",
    "analysis/lang/fa",
    "analysis/lang/fi",
    "analysis/lang/fr",
    "analysis/lang/ga",
    "analysis/lang/gl",
    "analysis/lang/hi",
    "analysis/lang/hu",
    "analysis/lang/hy",
    "analysis/lang/id",
    "analysis/lang/in",
    "analysis/lang/it",
    "analysis/lang/nl",
    "analysis/lang/no",
    "analysis/lang/pt",
    "analysis/lang/ro",
    "analysis/lang/ru",
    "analysis/lang/sv",
    "analysis/lang/tr",
    "analysis/token/apostrophe",
    "analysis/token/compound",
    "analysis/token/edgengram",
    "analysis/token/elision",
    "analysis/token/keyword",
    "analysis/token/length",
    "analysis/token/lowercase",
    "analysis/token/ngram",
    "analysis/token/porter",
    "analysis/token/shingle",
    "analysis/token/stop",
    "analysis/token/truncate",
    "analysis/token/unicodenorm",
    "analysis/tokenizer/character",
    "analysis/tokenizer/exception",
    "analysis/tokenizer/letter",
    "analysis/tokenizer/regexp",
    "analysis/tokenizer/single",
    "analysis/tokenizer/unicode",
    "analysis/tokenizer/web",
    "analysis/tokenizer/whitespace",
    "analysis/tokenmap",
    "config",
    "document",
    "geo",
    "index",
    "index/scorch",
    "index/scorch/mergeplan",
    "index/scorch/segment",
    "index/scorch/segment/zap",
    "index/store",
    "index/store/boltdb",
    "index/store/goleveldb",
    "index/store/gtreap",
    "index/store/moss",
    "index/upsidedown",
    "mapping",
    "numeric",
    "registry",
    "search",
    "search/collector",
    "search/facet",
    "search/highlight",
    "search/highlight/format/ansi",
    "search/highlight/format/html",
    "search/highlight/fragmenter/simple",
    "search/highlight/highlighter/ansi",
    "search/highlight/highlighter/html",
    "search/highlight/highlighter/simple",
    "search/query",
    "search/scorer",
    "search/searcher",
    "size"
  ]
  revision = "761a2694251bc08e3280dd80403ee4c8434f95d0"

[[projects]]
  branch = "master"
  name = "github.com/blevesearch/blevex"
  packages = [
    "cznicb",
    "detectlang",
    "icu",
    "lang/da",
    "lang/de",
    "lang/en",
    "lang/es",
    "lang/fi",
    "lang/fr",
    "lang/hu",
    "lang/it",
    "lang/ja",
    "lang/nl",
    "lang/no",
    "lang/pt",
    "lang/ro",
    "lang/ru",
    "lang/sv",
    "lang/th",
    "lang/tr",
    "leveldb",
    "rocksdb",
    "stemmer"
  ]
  revision = "4b158bb555a3297565afecf6fae675c74f1e47df"

[[projects]]
  branch = "master"
  name = "github.com/blevesearch/cld2"
  packages = ["."]
  revision = "10f17c049ec9b2c706118870a0f580a370217a65"

[[projects]]
  name = "github.com/blevesearch/go-porterstemmer"
  packages = ["."]
  revision = "b4dd94e38f29620fe0f97ae4b0f6994b0d5d75f0"
  version = "v1.0.1"

[[projects]]
  branch = "master"
  name = "github.com/blevesearch/segment"
  packages = ["."]
  revision = "762005e7a34fd909a84586299f1dd457371d36ee"

[[projects]]
  branch = "master"
  name = "github.com/blevesearch/snowballstem"
  packages = [
    ".",
    "danish",
    "dutch",
    "finnish",
    "hungarian",
    "norwegian",
    "romanian",
    "russian",
    "swedish",
    "turkish"
  ]
  revision = "26b06a2c243d4f8ca5db3486f94409dd5b2a7467"

[[projects]]
  name = "github.com/boltdb/bolt"
  packages = ["."]
  revision = "2f1ce7a837dcb8da3ec595b1dac9d0632f0f99e8"
  version = "v1.3.1"

[[projects]]
  branch = "master"
  name = "github.com/couchbase/ghistogram"
  packages = ["."]
  revision = "d910dd063dd68fb4d2a1ba344440f834ebb4ef62"

[[projects]]
  branch = "master"
  name = "github.com/couchbase/moss"
  packages = ["."]
  revision = "2726ca8e2071e85efa34733ff00f9df88bb52a84"

[[projects]]
  branch = "master"
  name = "github.com/couchbase/vellum"
  packages = [
    ".",
    "levenshtein",
    "regexp",
    "utf8"
  ]
  revision = "aae1f8c29833410f13233f68a021c938d6acd95f"

[[projects]]
  branch = "master"
  name = "github.com/cznic/b"
  packages = ["."]
  revision = "35e9bbe41f07452a183c517a5fc5f3c9f45eaa0f"

[[projects]]
  branch = "master"
  name = "github.com/edsrzf/mmap-go"
  packages = ["."]
  revision = "0bce6a6887123b67a60366d2c9fe2dfb74289d2e"

[[projects]]
  branch = "master"
  name = "github.com/elazarl/go-bindata-assetfs"
  packages = ["."]
  revision = "38087fe4dafb822e541b3f7955075cc1c30bd294"

[[projects]]
  branch = "master"
  name = "github.com/glycerine/go-unsnap-stream"
  packages = ["."]
  revision = "9f0cb55181dd3a0a4c168d3dbc72d4aca4853126"

[[projects]]
  name = "github.com/golang/protobuf"
  packages = ["proto"]
  revision = "925541529c1fa6821df4e44ce2723319eb2be768"
  version = "v1.0.0"

[[projects]]
  branch = "master"
  name = "github.com/golang/snappy"
  packages = ["."]
  revision = "553a641470496b2327abcac10b36396bd98e45c9"

[[projects]]
  name = "github.com/gorilla/context"
  packages = ["."]
  revision = "1ea25387ff6f684839d82767c1733ff4d4d15d0a"
  version = "v1.1"

[[projects]]
  name = "github.com/gorilla/mux"
  packages = ["."]
  revision = "53c1911da2b537f792e7cafcb446b05ffe33b996"
  version = "v1.6.1"

[[projects]]
  branch = "master"
  name = "github.com/ikawaha/kagome.ipadic"
  packages = [
    "internal/da",
    "internal/dic",
    "internal/dic/data",
    "internal/lattice",
    "tokenizer"
  ]
  revision = "dd3ae0544a806f4d39df5a70f46494adb3fbbfa2"

[[projects]]
  branch = "master"
  name = "github.com/jmhodges/levigo"
  packages = ["."]
  revision = "c42d9e0ca023e2198120196f842701bb4c55d7b9"

[[projects]]
  branch = "master"
  name = "github.com/mschoch/smat"
  packages = ["."]
  revision = "90eadee771aeab36e8bf796039b8c261bebebe4f"

[[projects]]
  name = "github.com/philhofer/fwd"
  packages = ["."]
  revision = "bb6d471dc95d4fe11e432687f8b70ff496cf3136"
  version = "v1.0.0"

[[projects]]
  branch = "master"
  name = "github.com/steveyen/gtreap"
  packages = ["."]
  revision = "0abe01ef9be25c4aedc174758ec2d917314d6d70"

[[projects]]
  branch = "master"
  name = "github.com/syndtr/goleveldb"
  packages = [
    "leveldb",
    "leveldb/cache",
    "leveldb/comparer",
    "leveldb/errors",
    "leveldb/filter",
    "leveldb/iterator",
    "leveldb/journal",
    "leveldb/memdb",
    "leveldb/opt",
    "leveldb/storage",
    "leveldb/table",
    "leveldb/util"
  ]
  revision = "714f901b98fdb3aa954b4193d8cbd64a28d80cad"

[[projects]]
  name = "github.com/tebeka/snowball"
  packages = ["."]
  revision = "16e884df4e19660c5d3f61cf70d4a38c9eb1bae4"
  version = "0.2.0"

[[projects]]
  branch = "master"
  name = "github.com/tecbot/gorocksdb"
  packages = ["."]
  revision = "3e476152774442234f9a9f747386a48a1d82a515"

[[projects]]
  name = "github.com/tinylib/msgp"
  packages = ["msgp"]
  revision = "b2b6a672cf1e5b90748f79b8b81fc8c5cf0571a1"
  version = "1.0.2"

[[projects]]
  name = "github.com/willf/bitset"
  packages = ["."]
  revision = "d860f346b89450988a379d7d705e83c58d1ea227"
  version = "v1.1.3"

[[projects]]
  branch = "master"
  name = "golang.org/x/sys"
  packages = ["unix"]
  revision = "79b0c6888797020a994db17c8510466c72fe75d9"

[[projects]]
  name = "golang.org/x/text"
  packages = [
    "internal/gen",
    "internal/triegen",
    "internal/ucd",
    "transform",
    "unicode/cldr",
    "unicode/norm"
  ]
  revision = "f21a4dfb5e38f5895301dc265a8def02365cc3d0"
  version = "v0.3.0"

[solve-meta]
  analyzer-name = "dep"
  analyzer-version = 1
  inputs-digest = "8792dece8f68c1c39e7975f2ed7862cf16796c534f38006a510475c4ad4f5dcd"
  solver-name = "gps-cdcl"
  solver-version = 1
